
Microsoft Visual Studio Solution File, Format Version 12.00
# Visual Studio Version 17
VisualStudioVersion = 17.11.35312.102
MinimumVisualStudioVersion = 10.0.40219.1
Project("{8BC9CEB8-8B4A-11D0-8D11-00A0C91BC942}") = "Cviceni1", "Cviceni1\Cviceni1.vcxproj", "{D498204F-917F-4AF5-9196-20B1F94AADE5}"
EndProject
Project("{8BC9CEB8-8B4A-11D0-8D11-00A0C91BC942}") = "Cviceni2", "Cviceni2\Cviceni2.vcxproj", "{C4BD325D-1C35-4588-A886-7923A61537F5}"
EndProject
Project("{2150E333-8FDC-42A3-9474-1A3956D46DE8}") = "Solution Items", "Solution Items", "{8237D32C-E101-4D1F-8C90-4C67F889EB5B}"
	ProjectSection(SolutionItems) = preProject
		GitBashCommands.txt = GitBashCommands.txt
	EndProjectSection
EndProject
Project("{8BC9CEB8-8B4A-11D0-8D11-00A0C91BC942}") = "Cviceni3", "Cviceni3\Cviceni3.vcxproj", "{1DCC96EB-0570-416A-B7B8-16FDABA45679}"
EndProject
Project("{8BC9CEB8-8B4A-11D0-8D11-00A0C91BC942}") = "Cviceni4", "Cviceni4\Cviceni4.vcxproj", "{49586185-4A40-4E23-A9DA-BA98006BB6D3}"
EndProject
Project("{8BC9CEB8-8B4A-11D0-8D11-00A0C91BC942}") = "Cviceni5", "Cviceni5\Cviceni5.vcxproj", "{BC2C27DD-55EA-4C55-BC6F-F2BA23927221}"
EndProject
Project("{8BC9CEB8-8B4A-11D0-8D11-00A0C91BC942}") = "Cviceni6", "Cviceni6\Cviceni6.vcxproj", "{D1ADA7AD-480A-456F-92C2-6ECD459C81D6}"
EndProject
Project("{8BC9CEB8-8B4A-11D0-8D11-00A0C91BC942}") = "Cviceni7", "Cviceni7\Cviceni7.vcxproj", "{C7B542A5-63EF-4644-87FD-E824F66771B8}"
EndProject
Project("{8BC9CEB8-8B4A-11D0-8D11-00A0C91BC942}") = "Cviceni8", "Cviceni8\Cviceni8.vcxproj", "{5B554D95-3114-4813-8FD5-3C0AF0123DC1}"
EndProject
Project("{8BC9CEB8-8B4A-11D0-8D11-00A0C91BC942}") = "Cviceni9", "Cviceni9\Cviceni9.vcxproj", "{6EF2D6BD-E122-492E-9917-63ADD59FEB3C}"
EndProject
Project("{8BC9CEB8-8B4A-11D0-8D11-00A0C91BC942}") = "Cviceni10", "Cviceni10\Cviceni10.vcxproj", "{A081590C-7641-49B0-B52B-F7EFBD91F121}"
EndProject
Project("{8BC9CEB8-8B4A-11D0-8D11-00A0C91BC942}") = "Cviceni10b", "Cviceni10b\Cviceni10b.vcxproj", "{CAD2DEDD-F53F-4C97-B5C2-FD260AA35B50}"
EndProject
Global
	GlobalSection(SolutionConfigurationPlatforms) = preSolution
		Debug|x64 = Debug|x64
		Debug|x86 = Debug|x86
		Release|x64 = Release|x64
		Release|x86 = Release|x86
	EndGlobalSection
	GlobalSection(ProjectConfigurationPlatforms) = postSolution
		{D498204F-917F-4AF5-9196-20B1F94AADE5}.Debug|x64.ActiveCfg = Debug|x64
		{D498204F-917F-4AF5-9196-20B1F94AADE5}.Debug|x64.Build.0 = Debug|x64
		{D498204F-917F-4AF5-9196-20B1F94AADE5}.Debug|x86.ActiveCfg = Debug|Win32
		{D498204F-917F-4AF5-9196-20B1F94AADE5}.Debug|x86.Build.0 = Debug|Win32
		{D498204F-917F-4AF5-9196-20B1F94AADE5}.Release|x64.ActiveCfg = Release|x64
		{D498204F-917F-4AF5-9196-20B1F94AADE5}.Release|x64.Build.0 = Release|x64
		{D498204F-917F-4AF5-9196-20B1F94AADE5}.Release|x86.ActiveCfg = Release|Win32
		{D498204F-917F-4AF5-9196-20B1F94AADE5}.Release|x86.Build.0 = Release|Win32
		{C4BD325D-1C35-4588-A886-7923A61537F5}.Debug|x64.ActiveCfg = Debug|x64
		{C4BD325D-1C35-4588-A886-7923A61537F5}.Debug|x64.Build.0 = Debug|x64
		{C4BD325D-1C35-4588-A886-7923A61537F5}.Debug|x86.ActiveCfg = Debug|Win32
		{C4BD325D-1C35-4588-A886-7923A61537F5}.Debug|x86.Build.0 = Debug|Win32
		{C4BD325D-1C35-4588-A886-7923A61537F5}.Release|x64.ActiveCfg = Release|x64
		{C4BD325D-1C35-4588-A886-7923A61537F5}.Release|x64.Build.0 = Release|x64
		{C4BD325D-1C35-4588-A886-7923A61537F5}.Release|x86.ActiveCfg = Release|Win32
		{C4BD325D-1C35-4588-A886-7923A61537F5}.Release|x86.Build.0 = Release|Win32
		{1DCC96EB-0570-416A-B7B8-16FDABA45679}.Debug|x64.ActiveCfg = Debug|x64
		{1DCC96EB-0570-416A-B7B8-16FDABA45679}.Debug|x64.Build.0 = Debug|x64
		{1DCC96EB-0570-416A-B7B8-16FDABA45679}.Debug|x86.ActiveCfg = Debug|Win32
		{1DCC96EB-0570-416A-B7B8-16FDABA45679}.Debug|x86.Build.0 = Debug|Win32
		{1DCC96EB-0570-416A-B7B8-16FDABA45679}.Release|x64.ActiveCfg = Release|x64
		{1DCC96EB-0570-416A-B7B8-16FDABA45679}.Release|x64.Build.0 = Release|x64
		{1DCC96EB-0570-416A-B7B8-16FDABA45679}.Release|x86.ActiveCfg = Release|Win32
		{1DCC96EB-0570-416A-B7B8-16FDABA45679}.Release|x86.Build.0 = Release|Win32
		{49586185-4A40-4E23-A9DA-BA98006BB6D3}.Debug|x64.ActiveCfg = Debug|x64
		{49586185-4A40-4E23-A9DA-BA98006BB6D3}.Debug|x64.Build.0 = Debug|x64
		{49586185-4A40-4E23-A9DA-BA98006BB6D3}.Debug|x86.ActiveCfg = Debug|Win32
		{49586185-4A40-4E23-A9DA-BA98006BB6D3}.Debug|x86.Build.0 = Debug|Win32
		{49586185-4A40-4E23-A9DA-BA98006BB6D3}.Release|x64.ActiveCfg = Release|x64
		{49586185-4A40-4E23-A9DA-BA98006BB6D3}.Release|x64.Build.0 = Release|x64
		{49586185-4A40-4E23-A9DA-BA98006BB6D3}.Release|x86.ActiveCfg = Release|Win32
		{49586185-4A40-4E23-A9DA-BA98006BB6D3}.Release|x86.Build.0 = Release|Win32
		{BC2C27DD-55EA-4C55-BC6F-F2BA23927221}.Debug|x64.ActiveCfg = Debug|x64
		{BC2C27DD-55EA-4C55-BC6F-F2BA23927221}.Debug|x64.Build.0 = Debug|x64
		{BC2C27DD-55EA-4C55-BC6F-F2BA23927221}.Debug|x86.ActiveCfg = Debug|Win32
		{BC2C27DD-55EA-4C55-BC6F-F2BA23927221}.Debug|x86.Build.0 = Debug|Win32
		{BC2C27DD-55EA-4C55-BC6F-F2BA23927221}.Release|x64.ActiveCfg = Release|x64
		{BC2C27DD-55EA-4C55-BC6F-F2BA23927221}.Release|x64.Build.0 = Release|x64
		{BC2C27DD-55EA-4C55-BC6F-F2BA23927221}.Release|x86.ActiveCfg = Release|Win32
		{BC2C27DD-55EA-4C55-BC6F-F2BA23927221}.Release|x86.Build.0 = Release|Win32
		{D1ADA7AD-480A-456F-92C2-6ECD459C81D6}.Debug|x64.ActiveCfg = Debug|x64
		{D1ADA7AD-480A-456F-92C2-6ECD459C81D6}.Debug|x64.Build.0 = Debug|x64
		{D1ADA7AD-480A-456F-92C2-6ECD459C81D6}.Debug|x86.ActiveCfg = Debug|Win32
		{D1ADA7AD-480A-456F-92C2-6ECD459C81D6}.Debug|x86.Build.0 = Debug|Win32
		{D1ADA7AD-480A-456F-92C2-6ECD459C81D6}.Release|x64.ActiveCfg = Release|x64
		{D1ADA7AD-480A-456F-92C2-6ECD459C81D6}.Release|x64.Build.0 = Release|x64
		{D1ADA7AD-480A-456F-92C2-6ECD459C81D6}.Release|x86.ActiveCfg = Release|Win32
		{D1ADA7AD-480A-456F-92C2-6ECD459C81D6}.Release|x86.Build.0 = Release|Win32
		{C7B542A5-63EF-4644-87FD-E824F66771B8}.Debug|x64.ActiveCfg = Debug|x64
		{C7B542A5-63EF-4644-87FD-E824F66771B8}.Debug|x64.Build.0 = Debug|x64
		{C7B542A5-63EF-4644-87FD-E824F66771B8}.Debug|x86.ActiveCfg = Debug|Win32
		{C7B542A5-63EF-4644-87FD-E824F66771B8}.Debug|x86.Build.0 = Debug|Win32
		{C7B542A5-63EF-4644-87FD-E824F66771B8}.Release|x64.ActiveCfg = Release|x64
		{C7B542A5-63EF-4644-87FD-E824F66771B8}.Release|x64.Build.0 = Release|x64
		{C7B542A5-63EF-4644-87FD-E824F66771B8}.Release|x86.ActiveCfg = Release|Win32
		{C7B542A5-63EF-4644-87FD-E824F66771B8}.Release|x86.Build.0 = Release|Win32
		{5B554D95-3114-4813-8FD5-3C0AF0123DC1}.Debug|x64.ActiveCfg = Debug|x64
		{5B554D95-3114-4813-8FD5-3C0AF0123DC1}.Debug|x64.Build.0 = Debug|x64
		{5B554D95-3114-4813-8FD5-3C0AF0123DC1}.Debug|x86.ActiveCfg = Debug|Win32
		{5B554D95-3114-4813-8FD5-3C0AF0123DC1}.Debug|x86.Build.0 = Debug|Win32
		{5B554D95-3114-4813-8FD5-3C0AF0123DC1}.Release|x64.ActiveCfg = Release|x64
		{5B554D95-3114-4813-8FD5-3C0AF0123DC1}.Release|x64.Build.0 = Release|x64
		{5B554D95-3114-4813-8FD5-3C0AF0123DC1}.Release|x86.ActiveCfg = Release|Win32
		{5B554D95-3114-4813-8FD5-3C0AF0123DC1}.Release|x86.Build.0 = Release|Win32
		{6EF2D6BD-E122-492E-9917-63ADD59FEB3C}.Debug|x64.ActiveCfg = Debug|x64
		{6EF2D6BD-E122-492E-9917-63ADD59FEB3C}.Debug|x64.Build.0 = Debug|x64
		{6EF2D6BD-E122-492E-9917-63ADD59FEB3C}.Debug|x86.ActiveCfg = Debug|Win32
		{6EF2D6BD-E122-492E-9917-63ADD59FEB3C}.Debug|x86.Build.0 = Debug|Win32
		{6EF2D6BD-E122-492E-9917-63ADD59FEB3C}.Release|x64.ActiveCfg = Release|x64
		{6EF2D6BD-E122-492E-9917-63ADD59FEB3C}.Release|x64.Build.0 = Release|x64
		{6EF2D6BD-E122-492E-9917-63ADD59FEB3C}.Release|x86.ActiveCfg = Release|Win32
		{6EF2D6BD-E122-492E-9917-63ADD59FEB3C}.Release|x86.Build.0 = Release|Win32
		{A081590C-7641-49B0-B52B-F7EFBD91F121}.Debug|x64.ActiveCfg = Debug|x64
		{A081590C-7641-49B0-B52B-F7EFBD91F121}.Debug|x64.Build.0 = Debug|x64
		{A081590C-7641-49B0-B52B-F7EFBD91F121}.Debug|x86.ActiveCfg = Debug|Win32
		{A081590C-7641-49B0-B52B-F7EFBD91F121}.Debug|x86.Build.0 = Debug|Win32
		{A081590C-7641-49B0-B52B-F7EFBD91F121}.Release|x64.ActiveCfg = Release|x64
		{A081590C-7641-49B0-B52B-F7EFBD91F121}.Release|x64.Build.0 = Release|x64
		{A081590C-7641-49B0-B52B-F7EFBD91F121}.Release|x86.ActiveCfg = Release|Win32
		{A081590C-7641-49B0-B52B-F7EFBD91F121}.Release|x86.Build.0 = Release|Win32
		{CAD2DEDD-F53F-4C97-B5C2-FD260AA35B50}.Debug|x64.ActiveCfg = Debug|x64
		{CAD2DEDD-F53F-4C97-B5C2-FD260AA35B50}.Debug|x64.Build.0 = Debug|x64
		{CAD2DEDD-F53F-4C97-B5C2-FD260AA35B50}.Debug|x86.ActiveCfg = Debug|Win32
		{CAD2DEDD-F53F-4C97-B5C2-FD260AA35B50}.Debug|x86.Build.0 = Debug|Win32
		{CAD2DEDD-F53F-4C97-B5C2-FD260AA35B50}.Release|x64.ActiveCfg = Release|x64
		{CAD2DEDD-F53F-4C97-B5C2-FD260AA35B50}.Release|x64.Build.0 = Release|x64
		{CAD2DEDD-F53F-4C97-B5C2-FD260AA35B50}.Release|x86.ActiveCfg = Release|Win32
		{CAD2DEDD-F53F-4C97-B5C2-FD260AA35B50}.Release|x86.Build.0 = Release|Win32
	EndGlobalSection
	GlobalSection(SolutionProperties) = preSolution
		HideSolutionNode = FALSE
	EndGlobalSection
	GlobalSection(ExtensibilityGlobals) = postSolution
		SolutionGuid = {FBCA0C76-0749-4AAE-B62D-651691FB2763}
	EndGlobalSection
EndGlobal
